Microsoft Visual Studio Solution File, Format Version 12.00
# Visual Studio Version 17
VisualStudioVersion = 17.5.2.0
MinimumVisualStudioVersion = 10.0.40219.1
Project("{FAE04EC0-301F-11D3-BF4B-00C04F79EFBC}") = "CalculoPercentualFaturamento", "CalculoPercentualFaturamento.csproj", "{AC511D3A-34FC-7FC5-1C1D-912C3C1D1EB0}"
EndProject
Global
	GlobalSection(SolutionConfigurationPlatforms) = preSolution
		Debug|Any CPU = Debug|Any CPU
		Release|Any CPU = Release|Any CPU
	EndGlobalSection
	GlobalSection(ProjectConfigurationPlatforms) = postSolution
		{AC511D3A-34FC-7FC5-1C1D-912C3C1D1EB0}.Debug|Any CPU.ActiveCfg = Debug|Any CPU
		{AC511D3A-34FC-7FC5-1C1D-912C3C1D1EB0}.Debug|Any CPU.Build.0 = Debug|Any CPU
		{AC511D3A-34FC-7FC5-1C1D-912C3C1D1EB0}.Release|Any CPU.ActiveCfg = Release|Any CPU
		{AC511D3A-34FC-7FC5-1C1D-912C3C1D1EB0}.Release|Any CPU.Build.0 = Release|Any CPU
	EndGlobalSection
	GlobalSection(SolutionProperties) = preSolution
		HideSolutionNode = FALSE
	EndGlobalSection
	GlobalSection(ExtensibilityGlobals) = postSolution
		SolutionGuid = {19B44735-B56D-4393-812E-5CD5C53B09EA}
	EndGlobalSection
EndGlobal
